
Microsoft Visual Studio Solution File, Format Version 12.00
# Visual Studio 15
VisualStudioVersion = 15.0.26228.9
MinimumVisualStudioVersion = 10.0.40219.1
Project("{FAE04EC0-301F-11D3-BF4B-00C04F79EFBC}") = "Console UI", "EWSApp\Console UI.csproj", "{7DE203CF-E06E-412A-B2DA-5A385DA21E4F}"
EndProject
Project("{FAE04EC0-301F-11D3-BF4B-00C04F79EFBC}") = "Data Access", "Data Access\Data Access.csproj", "{68B992E2-FF23-4431-A348-8D7949C58C58}"
EndProject
Global
	GlobalSection(SolutionConfigurationPlatforms) = preSolution
		Debug|Any CPU = Debug|Any CPU
		Release|Any CPU = Release|Any CPU
	EndGlobalSection
	GlobalSection(ProjectConfigurationPlatforms) = postSolution
		{7DE203CF-E06E-412A-B2DA-5A385DA21E4F}.Debug|Any CPU.ActiveCfg = Debug|Any CPU
		{7DE203CF-E06E-412A-B2DA-5A385DA21E4F}.Debug|Any CPU.Build.0 = Debug|Any CPU
		{7DE203CF-E06E-412A-B2DA-5A385DA21E4F}.Release|Any CPU.ActiveCfg = Release|Any CPU
		{7DE203CF-E06E-412A-B2DA-5A385DA21E4F}.Release|Any CPU.Build.0 = Release|Any CPU
		{68B992E2-FF23-4431-A348-8D7949C58C58}.Debug|Any CPU.ActiveCfg = Debug|Any CPU
		{68B992E2-FF23-4431-A348-8D7949C58C58}.Debug|Any CPU.Build.0 = Debug|Any CPU
		{68B992E2-FF23-4431-A348-8D7949C58C58}.Release|Any CPU.ActiveCfg = Release|Any CPU
		{68B992E2-FF23-4431-A348-8D7949C58C58}.Release|Any CPU.Build.0 = Release|Any CPU
	EndGlobalSection
	GlobalSection(SolutionProperties) = preSolution
		HideSolutionNode = FALSE
	EndGlobalSection
EndGlobal
